
Microsoft Visual Studio Solution File, Format Version 12.00
# Visual Studio Version 17
VisualStudioVersion = 17.2.32519.379
MinimumVisualStudioVersion = 10.0.40219.1
Project("{F184B08F-C81C-45F6-A57F-5ABD9991F28F}") = "ManageNamesOfCompaniesPAmonitor", "ManageNamesOfCompaniesPAmonitor\ManageNamesOfCompaniesPAmonitor.vbproj", "{E59181DA-C170-4D22-86F6-6632BCB1E29C}"
EndProject
Global
	GlobalSection(SolutionConfigurationPlatforms) = preSolution
		Debug|Any CPU = Debug|Any CPU
		Release|Any CPU = Release|Any CPU
	EndGlobalSection
	GlobalSection(ProjectConfigurationPlatforms) = postSolution
		{E59181DA-C170-4D22-86F6-6632BCB1E29C}.Debug|Any CPU.ActiveCfg = Debug|Any CPU
		{E59181DA-C170-4D22-86F6-6632BCB1E29C}.Debug|Any CPU.Build.0 = Debug|Any CPU
		{E59181DA-C170-4D22-86F6-6632BCB1E29C}.Release|Any CPU.ActiveCfg = Release|Any CPU
		{E59181DA-C170-4D22-86F6-6632BCB1E29C}.Release|Any CPU.Build.0 = Release|Any CPU
	EndGlobalSection
	GlobalSection(SolutionProperties) = preSolution
		HideSolutionNode = FALSE
	EndGlobalSection
	GlobalSection(ExtensibilityGlobals) = postSolution
		SolutionGuid = {E139640C-360B-44DB-A28E-D5F98A9E6BBD}
	EndGlobalSection
EndGlobal
